
Microsoft Visual Studio Solution File, Format Version 12.00
# Visual Studio 15
VisualStudioVersion = 15.0.27130.2003
MinimumVisualStudioVersion = 10.0.40219.1
Project("{9A19103F-16F7-4668-BE54-9A1E7A4F7556}") = "App.Core", "App.Core\App.Core.csproj", "{C7698D90-550C-4F32-BB1F-F29B28131635}"
EndProject
Project("{FAE04EC0-301F-11D3-BF4B-00C04F79EFBC}") = "AndroidApp", "AndroidApp\AndroidApp.csproj", "{5EFCB98B-17E0-45C2-B652-99919A0FE5DC}"
EndProject
Project("{2150E333-8FDC-42A3-9474-1A3956D46DE8}") = "Solution Items", "Solution Items", "{864561BB-3871-4CE6-835A-F83358AEB537}"
	ProjectSection(SolutionItems) = preProject
		AndroidClient.sln.DotSettings = AndroidClient.sln.DotSettings
	EndProjectSection
EndProject
Project("{FAE04EC0-301F-11D3-BF4B-00C04F79EFBC}") = "AndroidUiMetadataFramework.Core", "AndroidUiMetadataFramework.Core\AndroidUiMetadataFramework.Core.csproj", "{FAE30915-0A1E-4F90-8FF5-C3865B6F847E}"
EndProject
Project("{FAE04EC0-301F-11D3-BF4B-00C04F79EFBC}") = "App.Style", "App.Style\App.Style.csproj", "{720240BA-9491-44E4-A583-AE75DB33EAEB}"
EndProject
Global
	GlobalSection(SolutionConfigurationPlatforms) = preSolution
		Debug|Any CPU = Debug|Any CPU
		Release|Any CPU = Release|Any CPU
	EndGlobalSection
	GlobalSection(ProjectConfigurationPlatforms) = postSolution
		{C7698D90-550C-4F32-BB1F-F29B28131635}.Debug|Any CPU.ActiveCfg = Debug|Any CPU
		{C7698D90-550C-4F32-BB1F-F29B28131635}.Debug|Any CPU.Build.0 = Debug|Any CPU
		{C7698D90-550C-4F32-BB1F-F29B28131635}.Release|Any CPU.ActiveCfg = Release|Any CPU
		{C7698D90-550C-4F32-BB1F-F29B28131635}.Release|Any CPU.Build.0 = Release|Any CPU
		{5EFCB98B-17E0-45C2-B652-99919A0FE5DC}.Debug|Any CPU.ActiveCfg = Debug|Any CPU
		{5EFCB98B-17E0-45C2-B652-99919A0FE5DC}.Debug|Any CPU.Build.0 = Debug|Any CPU
		{5EFCB98B-17E0-45C2-B652-99919A0FE5DC}.Debug|Any CPU.Deploy.0 = Debug|Any CPU
		{5EFCB98B-17E0-45C2-B652-99919A0FE5DC}.Release|Any CPU.ActiveCfg = Release|Any CPU
		{5EFCB98B-17E0-45C2-B652-99919A0FE5DC}.Release|Any CPU.Build.0 = Release|Any CPU
		{5EFCB98B-17E0-45C2-B652-99919A0FE5DC}.Release|Any CPU.Deploy.0 = Release|Any CPU
		{FAE30915-0A1E-4F90-8FF5-C3865B6F847E}.Debug|Any CPU.ActiveCfg = Debug|Any CPU
		{FAE30915-0A1E-4F90-8FF5-C3865B6F847E}.Debug|Any CPU.Build.0 = Debug|Any CPU
		{FAE30915-0A1E-4F90-8FF5-C3865B6F847E}.Release|Any CPU.ActiveCfg = Release|Any CPU
		{FAE30915-0A1E-4F90-8FF5-C3865B6F847E}.Release|Any CPU.Build.0 = Release|Any CPU
		{720240BA-9491-44E4-A583-AE75DB33EAEB}.Debug|Any CPU.ActiveCfg = Debug|Any CPU
		{720240BA-9491-44E4-A583-AE75DB33EAEB}.Debug|Any CPU.Build.0 = Debug|Any CPU
		{720240BA-9491-44E4-A583-AE75DB33EAEB}.Release|Any CPU.ActiveCfg = Release|Any CPU
		{720240BA-9491-44E4-A583-AE75DB33EAEB}.Release|Any CPU.Build.0 = Release|Any CPU
	EndGlobalSection
	GlobalSection(SolutionProperties) = preSolution
		HideSolutionNode = FALSE
	EndGlobalSection
	GlobalSection(ExtensibilityGlobals) = postSolution
		SolutionGuid = {D484DD75-4BE6-4BB3-B67B-761248B90F98}
	EndGlobalSection
EndGlobal
